
Microsoft Visual Studio Solution File, Format Version 12.00
# Visual Studio Version 16
VisualStudioVersion = 16.0.31613.86
MinimumVisualStudioVersion = 10.0.40219.1
Project("{E24C65DC-7377-472B-9ABA-BC803B73C61A}") = "Downloads", "..\..\..\Downloads\", "{56A11B99-6F41-4D48-81BB-25F0F1BF1F52}"
	ProjectSection(WebsiteProperties) = preProject
		TargetFrameworkMoniker = ".NETFramework,Version%3Dv4.0"
		Debug.AspNetCompiler.VirtualPath = "/localhost_56074"
		Debug.AspNetCompiler.PhysicalPath = "..\..\..\Downloads\"
		Debug.AspNetCompiler.TargetPath = "PrecompiledWeb\localhost_56074\"
		Debug.AspNetCompiler.Updateable = "true"
		Debug.AspNetCompiler.ForceOverwrite = "true"
		Debug.AspNetCompiler.FixedNames = "false"
		Debug.AspNetCompiler.Debug = "True"
		Release.AspNetCompiler.VirtualPath = "/localhost_56074"
		Release.AspNetCompiler.PhysicalPath = "..\..\..\Downloads\"
		Release.AspNetCompiler.TargetPath = "PrecompiledWeb\localhost_56074\"
		Release.AspNetCompiler.Updateable = "true"
		Release.AspNetCompiler.ForceOverwrite = "true"
		Release.AspNetCompiler.FixedNames = "false"
		Release.AspNetCompiler.Debug = "False"
		VWDPort = "56074"
		SlnRelativePath = "..\..\..\Downloads\"
	EndProjectSection
EndProject
Global
	GlobalSection(SolutionConfigurationPlatforms) = preSolution
		Debug|Any CPU = Debug|Any CPU
	EndGlobalSection
	GlobalSection(ProjectConfigurationPlatforms) = postSolution
		{56A11B99-6F41-4D48-81BB-25F0F1BF1F52}.Debug|Any CPU.ActiveCfg = Debug|Any CPU
		{56A11B99-6F41-4D48-81BB-25F0F1BF1F52}.Debug|Any CPU.Build.0 = Debug|Any CPU
	EndGlobalSection
	GlobalSection(SolutionProperties) = preSolution
		HideSolutionNode = FALSE
	EndGlobalSection
	GlobalSection(ExtensibilityGlobals) = postSolution
		SolutionGuid = {5B22EAA3-B055-4BFD-ADDF-A11564970A7A}
	EndGlobalSection
EndGlobal
